{
  "name": "simple-math-helper-onixteam",
  "version": "1.0.1",
  "lockfileVersion": 3,
  "requires": true,
  "packages": {
    "": {
      "name": "simple-math-helper-onixteam",
      "version": "1.0.1",
      "license": "MIT",
      "dependencies": {
        "string-utils-onixteam": "^1.0.1"
      },
      "devDependencies": {}
    },
    "node_modules/simple-math-helper-onixteam": {
      "version": "1.0.1",
      "resolved": "https://registry.npmjs.org/simple-math-helper-onixteam/-/simple-math-helper-onixteam-1.0.1.tgz",
      "integrity": "sha512-5uTpBSBuGJ6nNwb9bWcOfCJCWTboBbZtlAEr1Fr0zCW4ti6ejLYG/rc7rvbE2DQeh6biRYlZB4fnGBr7Ckx1sA=="
    },
    "node_modules/string-utils-onixteam": {
      "version": "1.0.1",
      "resolved": "https://registry.npmjs.org/string-utils-onixteam/-/string-utils-onixteam-1.0.1.tgz",
      "integrity": "sha512-N1AW5HVnUvWC5Hh3QCJ3ZUHrjPWm9tf/T3inzTbOEMqCWJayBIhDRC6z0zksAIKPDkGVEviyNEIuNXelPQPCEQ==",
      "dependencies": {
        "simple-math-helper-onixteam": "^1.0.1"
      }
    }
  }
}
